
Microsoft Visual Studio Solution File, Format Version 12.00
# Visual Studio Version 17
VisualStudioVersion = 17.14.36623.8 d17.14
MinimumVisualStudioVersion = 10.0.40219.1
Project("{FAE04EC0-301F-11D3-BF4B-00C04F79EFBC}") = "trex game", "trex game\trex game.csproj", "{35A15D91-8CDF-4B85-9292-8DA17BD61573}"
EndProject
Global
	GlobalSection(SolutionConfigurationPlatforms) = preSolution
		Debug|Any CPU = Debug|Any CPU
		Release|Any CPU = Release|Any CPU
	EndGlobalSection
	GlobalSection(ProjectConfigurationPlatforms) = postSolution
		{35A15D91-8CDF-4B85-9292-8DA17BD61573}.Debug|Any CPU.ActiveCfg = Debug|Any CPU
		{35A15D91-8CDF-4B85-9292-8DA17BD61573}.Debug|Any CPU.Build.0 = Debug|Any CPU
		{35A15D91-8CDF-4B85-9292-8DA17BD61573}.Release|Any CPU.ActiveCfg = Release|Any CPU
		{35A15D91-8CDF-4B85-9292-8DA17BD61573}.Release|Any CPU.Build.0 = Release|Any CPU
	EndGlobalSection
	GlobalSection(SolutionProperties) = preSolution
		HideSolutionNode = FALSE
	EndGlobalSection
	GlobalSection(ExtensibilityGlobals) = postSolution
		SolutionGuid = {03A6AB35-ED6F-489F-A4F7-DC43D172073A}
	EndGlobalSection
EndGlobal
